
Microsoft Visual Studio Solution File, Format Version 12.00
# Visual Studio Version 16
VisualStudioVersion = 16.0.30503.244
MinimumVisualStudioVersion = 10.0.40219.1
Project("{8BC9CEB8-8B4A-11D0-8D11-00A0C91BC942}") = "BEM_CUDA", "BEM_CUDA.vcxproj", "{44A05405-944F-4944-8D63-F17C88EAB98A}"
EndProject
Global
	GlobalSection(SolutionConfigurationPlatforms) = preSolution
		Debug|x64 = Debug|x64
		Release|x64 = Release|x64
	EndGlobalSection
	GlobalSection(ProjectConfigurationPlatforms) = postSolution
		{44A05405-944F-4944-8D63-F17C88EAB98A}.Debug|x64.ActiveCfg = Debug|x64
		{44A05405-944F-4944-8D63-F17C88EAB98A}.Debug|x64.Build.0 = Debug|x64
		{44A05405-944F-4944-8D63-F17C88EAB98A}.Release|x64.ActiveCfg = Release|x64
		{44A05405-944F-4944-8D63-F17C88EAB98A}.Release|x64.Build.0 = Release|x64
	EndGlobalSection
	GlobalSection(SolutionProperties) = preSolution
		HideSolutionNode = FALSE
	EndGlobalSection
	GlobalSection(ExtensibilityGlobals) = postSolution
		SolutionGuid = {6FEF3702-D093-4E9E-99E4-E3467F9DA811}
	EndGlobalSection
EndGlobal
